Microsoft Visual Studio Solution File, Format Version 12.00
Project("{FAE04EC0-301F-11D3-BF4B-00C04F79EFBC}") = "IAMService", "IAMService\IAMService.csproj", "{6F6DB470-0B9E-4D1F-AB42-4A206D4B1972}"
EndProject
Project("{FAE04EC0-301F-11D3-BF4B-00C04F79EFBC}") = "GatewayService", "GatewayService\GatewayService.csproj", "{892FA496-9448-4A26-B515-FA26CABE37FB}"
EndProject
Project("{FAE04EC0-301F-11D3-BF4B-00C04F79EFBC}") = "RegistryService.API", "RegistryService.API\RegistryService.API.csproj", "{4436C7B2-7338-42BF-87BB-F2429A21D0F9}"
EndProject
Project("{FAE04EC0-301F-11D3-BF4B-00C04F79EFBC}") = "ConfigService.API", "ConfigService.API\ConfigService.API.csproj", "{F0649FB4-153A-4EE6-8C7E-549658B91D73}"
EndProject
Project("{FAE04EC0-301F-11D3-BF4B-00C04F79EFBC}") = "AdminService.API", "AdminService.API\AdminService.API.csproj", "{5AC51DF3-3125-4384-B1D9-3A144DDBFE7D}"
EndProject
Project("{FAE04EC0-301F-11D3-BF4B-00C04F79EFBC}") = "BURUBERI.InventoryService.API", "BURUBERI.InventoryService.API\BURUBERI.InventoryService.API.csproj", "{E1BFF0B9-8DAB-4799-B660-B0BC116C4479}"
EndProject
Project("{FAE04EC0-301F-11D3-BF4B-00C04F79EFBC}") = "IAMService.Tests", "IAMService.Tests\IAMService.Tests.csproj", "{FB910C04-8D82-4C28-BF93-379834B62D81}"
EndProject
Project("{FAE04EC0-301F-11D3-BF4B-00C04F79EFBC}") = "ReviewService", "ReviewService\ReviewService.csproj", "{6FACD19D-3484-4E50-96C3-412DB7076183}"
EndProject
Project("{FAE04EC0-301F-11D3-BF4B-00C04F79EFBC}") = "BURUBERI.FavoritesService.API", "BURUBERI.FavoritesService.API\BURUBERI.FavoritesService.API.csproj", "{F55992E1-6E5F-4CBF-8E7D-CBCD9F51B10C}"
EndProject
Global
	GlobalSection(SolutionConfigurationPlatforms) = preSolution
		Debug|Any CPU = Debug|Any CPU
		Release|Any CPU = Release|Any CPU
	EndGlobalSection
	GlobalSection(ProjectConfigurationPlatforms) = postSolution
		{6F6DB470-0B9E-4D1F-AB42-4A206D4B1972}.Debug|Any CPU.ActiveCfg = Debug|Any CPU
		{6F6DB470-0B9E-4D1F-AB42-4A206D4B1972}.Debug|Any CPU.Build.0 = Debug|Any CPU
		{6F6DB470-0B9E-4D1F-AB42-4A206D4B1972}.Release|Any CPU.ActiveCfg = Release|Any CPU
		{6F6DB470-0B9E-4D1F-AB42-4A206D4B1972}.Release|Any CPU.Build.0 = Release|Any CPU
		{892FA496-9448-4A26-B515-FA26CABE37FB}.Debug|Any CPU.ActiveCfg = Debug|Any CPU
		{892FA496-9448-4A26-B515-FA26CABE37FB}.Debug|Any CPU.Build.0 = Debug|Any CPU
		{892FA496-9448-4A26-B515-FA26CABE37FB}.Release|Any CPU.ActiveCfg = Release|Any CPU
		{892FA496-9448-4A26-B515-FA26CABE37FB}.Release|Any CPU.Build.0 = Release|Any CPU
		{4436C7B2-7338-42BF-87BB-F2429A21D0F9}.Debug|Any CPU.ActiveCfg = Debug|Any CPU
		{4436C7B2-7338-42BF-87BB-F2429A21D0F9}.Debug|Any CPU.Build.0 = Debug|Any CPU
		{4436C7B2-7338-42BF-87BB-F2429A21D0F9}.Release|Any CPU.ActiveCfg = Release|Any CPU
		{4436C7B2-7338-42BF-87BB-F2429A21D0F9}.Release|Any CPU.Build.0 = Release|Any CPU
		{F0649FB4-153A-4EE6-8C7E-549658B91D73}.Debug|Any CPU.ActiveCfg = Debug|Any CPU
		{F0649FB4-153A-4EE6-8C7E-549658B91D73}.Debug|Any CPU.Build.0 = Debug|Any CPU
		{F0649FB4-153A-4EE6-8C7E-549658B91D73}.Release|Any CPU.ActiveCfg = Release|Any CPU
		{F0649FB4-153A-4EE6-8C7E-549658B91D73}.Release|Any CPU.Build.0 = Release|Any CPU
		{5AC51DF3-3125-4384-B1D9-3A144DDBFE7D}.Debug|Any CPU.ActiveCfg = Debug|Any CPU
		{5AC51DF3-3125-4384-B1D9-3A144DDBFE7D}.Debug|Any CPU.Build.0 = Debug|Any CPU
		{5AC51DF3-3125-4384-B1D9-3A144DDBFE7D}.Release|Any CPU.ActiveCfg = Release|Any CPU
		{5AC51DF3-3125-4384-B1D9-3A144DDBFE7D}.Release|Any CPU.Build.0 = Release|Any CPU
		{FB910C04-8D82-4C28-BF93-379834B62D81}.Debug|Any CPU.ActiveCfg = Debug|Any CPU
		{FB910C04-8D82-4C28-BF93-379834B62D81}.Debug|Any CPU.Build.0 = Debug|Any CPU
		{FB910C04-8D82-4C28-BF93-379834B62D81}.Release|Any CPU.ActiveCfg = Release|Any CPU
		{FB910C04-8D82-4C28-BF93-379834B62D81}.Release|Any CPU.Build.0 = Release|Any CPU
		{F55992E1-6E5F-4CBF-8E7D-CBCD9F51B10C}.Debug|Any CPU.ActiveCfg = Debug|Any CPU
		{F55992E1-6E5F-4CBF-8E7D-CBCD9F51B10C}.Debug|Any CPU.Build.0 = Debug|Any CPU
		{6FACD19D-3484-4E50-96C3-412DB7076183}.Debug|Any CPU.ActiveCfg = Debug|Any CPU
		{6FACD19D-3484-4E50-96C3-412DB7076183}.Debug|Any CPU.Build.0 = Debug|Any CPU
	EndGlobalSection
	GlobalSection(ProjectConfigurationPlatforms) = postSolution
		{E1BFF0B9-8DAB-4799-B660-B0BC116C4479}.Debug|Any CPU.ActiveCfg = Debug|Any CPU
		{E1BFF0B9-8DAB-4799-B660-B0BC116C4479}.Debug|Any CPU.Build.0 = Debug|Any CPU
		{E1BFF0B9-8DAB-4799-B660-B0BC116C4479}.Release|Any CPU.ActiveCfg = Release|Any CPU
		{E1BFF0B9-8DAB-4799-B660-B0BC116C4479}.Release|Any CPU.Build.0 = Release|Any CPU
	EndGlobalSection
EndGlobal
